
Microsoft Visual Studio Solution File, Format Version 12.00
# Visual Studio Version 16
VisualStudioVersion = 16.0.32413.511
MinimumVisualStudioVersion = 10.0.40219.1
Project("{FAE04EC0-301F-11D3-BF4B-00C04F79EFBC}") = "RSGymPT", "RSGymPT\RSGymPT.csproj", "{557ADBA9-05F6-4A0C-B7D8-31ECFFE5A4B9}"
EndProject
Global
	GlobalSection(SolutionConfigurationPlatforms) = preSolution
		Debug|Any CPU = Debug|Any CPU
		Release|Any CPU = Release|Any CPU
	EndGlobalSection
	GlobalSection(ProjectConfigurationPlatforms) = postSolution
		{557ADBA9-05F6-4A0C-B7D8-31ECFFE5A4B9}.Debug|Any CPU.ActiveCfg = Debug|Any CPU
		{557ADBA9-05F6-4A0C-B7D8-31ECFFE5A4B9}.Debug|Any CPU.Build.0 = Debug|Any CPU
		{557ADBA9-05F6-4A0C-B7D8-31ECFFE5A4B9}.Release|Any CPU.ActiveCfg = Release|Any CPU
		{557ADBA9-05F6-4A0C-B7D8-31ECFFE5A4B9}.Release|Any CPU.Build.0 = Release|Any CPU
	EndGlobalSection
	GlobalSection(SolutionProperties) = preSolution
		HideSolutionNode = FALSE
	EndGlobalSection
	GlobalSection(ExtensibilityGlobals) = postSolution
		SolutionGuid = {948F2FA5-151D-49EC-994F-915D845CD62E}
	EndGlobalSection
EndGlobal
